
Microsoft Visual Studio Solution File, Format Version 12.00
# Visual Studio Version 17
VisualStudioVersion = 17.0.31903.59
MinimumVisualStudioVersion = 10.0.40219.1
Project("{FAE04EC0-301F-11D3-BF4B-00C04F79EFBC}") = "Kg.Velocity.Math", "Kg.Velocity.Math\Kg.Velocity.Math.csproj", "{B8E3D7C2-8A1F-4D2E-9F3B-1C4A5E6D7F8A}"
EndProject
Project("{FAE04EC0-301F-11D3-BF4B-00C04F79EFBC}") = "Kg.Velocity.Blazor", "Kg.Velocity.Blazor\Kg.Velocity.Blazor.csproj", "{A46B477C-CECC-4C9F-B389-85477AED080C}"
EndProject
Project("{FAE04EC0-301F-11D3-BF4B-00C04F79EFBC}") = "Kg.Velocity.Engine", "Kg.Velocity.Engine\Kg.Velocity.Engine.csproj", "{7DF914D3-0C9A-45E4-81AE-78B168018A99}"
EndProject
Global
	GlobalSection(SolutionConfigurationPlatforms) = preSolution
		Debug|Any CPU = Debug|Any CPU
		Debug|x64 = Debug|x64
		Debug|x86 = Debug|x86
		Release|Any CPU = Release|Any CPU
		Release|x64 = Release|x64
		Release|x86 = Release|x86
	EndGlobalSection
	GlobalSection(ProjectConfigurationPlatforms) = postSolution
		{B8E3D7C2-8A1F-4D2E-9F3B-1C4A5E6D7F8A}.Debug|Any CPU.ActiveCfg = Debug|Any CPU
		{B8E3D7C2-8A1F-4D2E-9F3B-1C4A5E6D7F8A}.Debug|Any CPU.Build.0 = Debug|Any CPU
		{B8E3D7C2-8A1F-4D2E-9F3B-1C4A5E6D7F8A}.Debug|x64.ActiveCfg = Debug|Any CPU
		{B8E3D7C2-8A1F-4D2E-9F3B-1C4A5E6D7F8A}.Debug|x64.Build.0 = Debug|Any CPU
		{B8E3D7C2-8A1F-4D2E-9F3B-1C4A5E6D7F8A}.Debug|x86.ActiveCfg = Debug|Any CPU
		{B8E3D7C2-8A1F-4D2E-9F3B-1C4A5E6D7F8A}.Debug|x86.Build.0 = Debug|Any CPU
		{B8E3D7C2-8A1F-4D2E-9F3B-1C4A5E6D7F8A}.Release|Any CPU.ActiveCfg = Release|Any CPU
		{B8E3D7C2-8A1F-4D2E-9F3B-1C4A5E6D7F8A}.Release|Any CPU.Build.0 = Release|Any CPU
		{B8E3D7C2-8A1F-4D2E-9F3B-1C4A5E6D7F8A}.Release|x64.ActiveCfg = Release|Any CPU
		{B8E3D7C2-8A1F-4D2E-9F3B-1C4A5E6D7F8A}.Release|x64.Build.0 = Release|Any CPU
		{B8E3D7C2-8A1F-4D2E-9F3B-1C4A5E6D7F8A}.Release|x86.ActiveCfg = Release|Any CPU
		{B8E3D7C2-8A1F-4D2E-9F3B-1C4A5E6D7F8A}.Release|x86.Build.0 = Release|Any CPU
		{A46B477C-CECC-4C9F-B389-85477AED080C}.Debug|Any CPU.ActiveCfg = Debug|Any CPU
		{A46B477C-CECC-4C9F-B389-85477AED080C}.Debug|Any CPU.Build.0 = Debug|Any CPU
		{A46B477C-CECC-4C9F-B389-85477AED080C}.Debug|x64.ActiveCfg = Debug|Any CPU
		{A46B477C-CECC-4C9F-B389-85477AED080C}.Debug|x64.Build.0 = Debug|Any CPU
		{A46B477C-CECC-4C9F-B389-85477AED080C}.Debug|x86.ActiveCfg = Debug|Any CPU
		{A46B477C-CECC-4C9F-B389-85477AED080C}.Debug|x86.Build.0 = Debug|Any CPU
		{A46B477C-CECC-4C9F-B389-85477AED080C}.Release|Any CPU.ActiveCfg = Release|Any CPU
		{A46B477C-CECC-4C9F-B389-85477AED080C}.Release|Any CPU.Build.0 = Release|Any CPU
		{A46B477C-CECC-4C9F-B389-85477AED080C}.Release|x64.ActiveCfg = Release|Any CPU
		{A46B477C-CECC-4C9F-B389-85477AED080C}.Release|x64.Build.0 = Release|Any CPU
		{A46B477C-CECC-4C9F-B389-85477AED080C}.Release|x86.ActiveCfg = Release|Any CPU
		{A46B477C-CECC-4C9F-B389-85477AED080C}.Release|x86.Build.0 = Release|Any CPU
		{7DF914D3-0C9A-45E4-81AE-78B168018A99}.Debug|Any CPU.ActiveCfg = Debug|Any CPU
		{7DF914D3-0C9A-45E4-81AE-78B168018A99}.Debug|Any CPU.Build.0 = Debug|Any CPU
		{7DF914D3-0C9A-45E4-81AE-78B168018A99}.Debug|x64.ActiveCfg = Debug|Any CPU
		{7DF914D3-0C9A-45E4-81AE-78B168018A99}.Debug|x64.Build.0 = Debug|Any CPU
		{7DF914D3-0C9A-45E4-81AE-78B168018A99}.Debug|x86.ActiveCfg = Debug|Any CPU
		{7DF914D3-0C9A-45E4-81AE-78B168018A99}.Debug|x86.Build.0 = Debug|Any CPU
		{7DF914D3-0C9A-45E4-81AE-78B168018A99}.Release|Any CPU.ActiveCfg = Release|Any CPU
		{7DF914D3-0C9A-45E4-81AE-78B168018A99}.Release|Any CPU.Build.0 = Release|Any CPU
		{7DF914D3-0C9A-45E4-81AE-78B168018A99}.Release|x64.ActiveCfg = Release|Any CPU
		{7DF914D3-0C9A-45E4-81AE-78B168018A99}.Release|x64.Build.0 = Release|Any CPU
		{7DF914D3-0C9A-45E4-81AE-78B168018A99}.Release|x86.ActiveCfg = Release|Any CPU
		{7DF914D3-0C9A-45E4-81AE-78B168018A99}.Release|x86.Build.0 = Release|Any CPU
	EndGlobalSection
	GlobalSection(SolutionProperties) = preSolution
		HideSolutionNode = FALSE
	EndGlobalSection
EndGlobal
