
Microsoft Visual Studio Solution File, Format Version 12.00
# Visual Studio Version 17
VisualStudioVersion = 17.0.31903.59
MinimumVisualStudioVersion = 10.0.40219.1
Project("{FAE04EC0-301F-11D3-BF4B-00C04F79EFBC}") = "Kg.Velocity.Math", "Kg.Velocity.Math\Kg.Velocity.Math.csproj", "{B8E3D7C2-8A1F-4D2E-9F3B-1C4A5E6D7F8A}"
EndProject
Project("{FAE04EC0-301F-11D3-BF4B-00C04F79EFBC}") = "Kg.Velocity.Blazor", "Kg.Velocity.Blazor\Kg.Velocity.Blazor.csproj", "{A46B477C-CECC-4C9F-B389-85477AED080C}"
EndProject
Project("{FAE04EC0-301F-11D3-BF4B-00C04F79EFBC}") = "Kg.Velocity.Engine", "Kg.Velocity.Engine\Kg.Velocity.Engine.csproj", "{7DF914D3-0C9A-45E4-81AE-78B168018A99}"
EndProject
Project("{FAE04EC0-301F-11D3-BF4B-00C04F79EFBC}") = "Kg.Velocity.Api", "Kg.Velocity.Api\Kg.Velocity.Api.csproj", "{C1203CC8-3BC3-4566-8C51-4F6D97935E82}"
EndProject
Project("{FAE04EC0-301F-11D3-BF4B-00C04F79EFBC}") = "Kg.Velocity.Contracts", "Kg.Velocity.Contracts\Kg.Velocity.Contracts.csproj", "{6D3F98BC-5D1F-42F4-9620-6810DA1121BF}"
EndProject
Project("{FAE04EC0-301F-11D3-BF4B-00C04F79EFBC}") = "Kg.Velocity.InsightTests", "Kg.Velocity.InsightTests\Kg.Velocity.InsightTests.csproj", "{C82B2983-7283-41EB-B9AD-A6AFD2760415}"
EndProject
Project("{FAE04EC0-301F-11D3-BF4B-00C04F79EFBC}") = "Kg.Velocity.UI", "Kg.Velocity.UI\Kg.Velocity.UI.csproj", "{2FC0EA8A-6F0D-49E7-9BEF-FE96B57BF308}"
EndProject
Project("{2150E333-8FDC-42A3-9474-1A3956D46DE8}") = "docs", "docs", "{D4E5F6A7-B8C9-4D0E-A1B2-C3D4E5F6A7B8}"
	ProjectSection(SolutionItems) = preProject
		docs\architecture-diagrams.md = docs\architecture-diagrams.md
		docs\article-diagrams.md = docs\article-diagrams.md
		docs\destination-images.md = docs\destination-images.md
		docs\MAUI-MIGRATION-PLAN.md = docs\MAUI-MIGRATION-PLAN.md
		docs\MISSION-LOG-DESIGN.md = docs\MISSION-LOG-DESIGN.md
	EndProjectSection
EndProject
Project("{FAE04EC0-301F-11D3-BF4B-00C04F79EFBC}") = "Kg.Velocity.PosterTests", "Kg.Velocity.PosterTests\Kg.Velocity.PosterTests.csproj", "{DDA5D309-D4B6-4872-BE1C-700B04E80A21}"
EndProject
Global
	GlobalSection(SolutionConfigurationPlatforms) = preSolution
		Debug|Any CPU = Debug|Any CPU
		Debug|x64 = Debug|x64
		Debug|x86 = Debug|x86
		Release|Any CPU = Release|Any CPU
		Release|x64 = Release|x64
		Release|x86 = Release|x86
	EndGlobalSection
	GlobalSection(ProjectConfigurationPlatforms) = postSolution
		{B8E3D7C2-8A1F-4D2E-9F3B-1C4A5E6D7F8A}.Debug|Any CPU.ActiveCfg = Debug|Any CPU
		{B8E3D7C2-8A1F-4D2E-9F3B-1C4A5E6D7F8A}.Debug|Any CPU.Build.0 = Debug|Any CPU
		{B8E3D7C2-8A1F-4D2E-9F3B-1C4A5E6D7F8A}.Debug|x64.ActiveCfg = Debug|Any CPU
		{B8E3D7C2-8A1F-4D2E-9F3B-1C4A5E6D7F8A}.Debug|x64.Build.0 = Debug|Any CPU
		{B8E3D7C2-8A1F-4D2E-9F3B-1C4A5E6D7F8A}.Debug|x86.ActiveCfg = Debug|Any CPU
		{B8E3D7C2-8A1F-4D2E-9F3B-1C4A5E6D7F8A}.Debug|x86.Build.0 = Debug|Any CPU
		{B8E3D7C2-8A1F-4D2E-9F3B-1C4A5E6D7F8A}.Release|Any CPU.ActiveCfg = Release|Any CPU
		{B8E3D7C2-8A1F-4D2E-9F3B-1C4A5E6D7F8A}.Release|Any CPU.Build.0 = Release|Any CPU
		{B8E3D7C2-8A1F-4D2E-9F3B-1C4A5E6D7F8A}.Release|x64.ActiveCfg = Release|Any CPU
		{B8E3D7C2-8A1F-4D2E-9F3B-1C4A5E6D7F8A}.Release|x64.Build.0 = Release|Any CPU
		{B8E3D7C2-8A1F-4D2E-9F3B-1C4A5E6D7F8A}.Release|x86.ActiveCfg = Release|Any CPU
		{B8E3D7C2-8A1F-4D2E-9F3B-1C4A5E6D7F8A}.Release|x86.Build.0 = Release|Any CPU
		{A46B477C-CECC-4C9F-B389-85477AED080C}.Debug|Any CPU.ActiveCfg = Debug|Any CPU
		{A46B477C-CECC-4C9F-B389-85477AED080C}.Debug|Any CPU.Build.0 = Debug|Any CPU
		{A46B477C-CECC-4C9F-B389-85477AED080C}.Debug|x64.ActiveCfg = Debug|Any CPU
		{A46B477C-CECC-4C9F-B389-85477AED080C}.Debug|x64.Build.0 = Debug|Any CPU
		{A46B477C-CECC-4C9F-B389-85477AED080C}.Debug|x86.ActiveCfg = Debug|Any CPU
		{A46B477C-CECC-4C9F-B389-85477AED080C}.Debug|x86.Build.0 = Debug|Any CPU
		{A46B477C-CECC-4C9F-B389-85477AED080C}.Release|Any CPU.ActiveCfg = Release|Any CPU
		{A46B477C-CECC-4C9F-B389-85477AED080C}.Release|Any CPU.Build.0 = Release|Any CPU
		{A46B477C-CECC-4C9F-B389-85477AED080C}.Release|x64.ActiveCfg = Release|Any CPU
		{A46B477C-CECC-4C9F-B389-85477AED080C}.Release|x64.Build.0 = Release|Any CPU
		{A46B477C-CECC-4C9F-B389-85477AED080C}.Release|x86.ActiveCfg = Release|Any CPU
		{A46B477C-CECC-4C9F-B389-85477AED080C}.Release|x86.Build.0 = Release|Any CPU
		{7DF914D3-0C9A-45E4-81AE-78B168018A99}.Debug|Any CPU.ActiveCfg = Debug|Any CPU
		{7DF914D3-0C9A-45E4-81AE-78B168018A99}.Debug|Any CPU.Build.0 = Debug|Any CPU
		{7DF914D3-0C9A-45E4-81AE-78B168018A99}.Debug|x64.ActiveCfg = Debug|Any CPU
		{7DF914D3-0C9A-45E4-81AE-78B168018A99}.Debug|x64.Build.0 = Debug|Any CPU
		{7DF914D3-0C9A-45E4-81AE-78B168018A99}.Debug|x86.ActiveCfg = Debug|Any CPU
		{7DF914D3-0C9A-45E4-81AE-78B168018A99}.Debug|x86.Build.0 = Debug|Any CPU
		{7DF914D3-0C9A-45E4-81AE-78B168018A99}.Release|Any CPU.ActiveCfg = Release|Any CPU
		{7DF914D3-0C9A-45E4-81AE-78B168018A99}.Release|Any CPU.Build.0 = Release|Any CPU
		{7DF914D3-0C9A-45E4-81AE-78B168018A99}.Release|x64.ActiveCfg = Release|Any CPU
		{7DF914D3-0C9A-45E4-81AE-78B168018A99}.Release|x64.Build.0 = Release|Any CPU
		{7DF914D3-0C9A-45E4-81AE-78B168018A99}.Release|x86.ActiveCfg = Release|Any CPU
		{7DF914D3-0C9A-45E4-81AE-78B168018A99}.Release|x86.Build.0 = Release|Any CPU
		{C1203CC8-3BC3-4566-8C51-4F6D97935E82}.Debug|Any CPU.ActiveCfg = Debug|Any CPU
		{C1203CC8-3BC3-4566-8C51-4F6D97935E82}.Debug|Any CPU.Build.0 = Debug|Any CPU
		{C1203CC8-3BC3-4566-8C51-4F6D97935E82}.Debug|x64.ActiveCfg = Debug|Any CPU
		{C1203CC8-3BC3-4566-8C51-4F6D97935E82}.Debug|x64.Build.0 = Debug|Any CPU
		{C1203CC8-3BC3-4566-8C51-4F6D97935E82}.Debug|x86.ActiveCfg = Debug|Any CPU
		{C1203CC8-3BC3-4566-8C51-4F6D97935E82}.Debug|x86.Build.0 = Debug|Any CPU
		{C1203CC8-3BC3-4566-8C51-4F6D97935E82}.Release|Any CPU.ActiveCfg = Release|Any CPU
		{C1203CC8-3BC3-4566-8C51-4F6D97935E82}.Release|Any CPU.Build.0 = Release|Any CPU
		{C1203CC8-3BC3-4566-8C51-4F6D97935E82}.Release|x64.ActiveCfg = Release|Any CPU
		{C1203CC8-3BC3-4566-8C51-4F6D97935E82}.Release|x64.Build.0 = Release|Any CPU
		{C1203CC8-3BC3-4566-8C51-4F6D97935E82}.Release|x86.ActiveCfg = Release|Any CPU
		{C1203CC8-3BC3-4566-8C51-4F6D97935E82}.Release|x86.Build.0 = Release|Any CPU
		{6D3F98BC-5D1F-42F4-9620-6810DA1121BF}.Debug|Any CPU.ActiveCfg = Debug|Any CPU
		{6D3F98BC-5D1F-42F4-9620-6810DA1121BF}.Debug|Any CPU.Build.0 = Debug|Any CPU
		{6D3F98BC-5D1F-42F4-9620-6810DA1121BF}.Debug|x64.ActiveCfg = Debug|Any CPU
		{6D3F98BC-5D1F-42F4-9620-6810DA1121BF}.Debug|x64.Build.0 = Debug|Any CPU
		{6D3F98BC-5D1F-42F4-9620-6810DA1121BF}.Debug|x86.ActiveCfg = Debug|Any CPU
		{6D3F98BC-5D1F-42F4-9620-6810DA1121BF}.Debug|x86.Build.0 = Debug|Any CPU
		{6D3F98BC-5D1F-42F4-9620-6810DA1121BF}.Release|Any CPU.ActiveCfg = Release|Any CPU
		{6D3F98BC-5D1F-42F4-9620-6810DA1121BF}.Release|Any CPU.Build.0 = Release|Any CPU
		{6D3F98BC-5D1F-42F4-9620-6810DA1121BF}.Release|x64.ActiveCfg = Release|Any CPU
		{6D3F98BC-5D1F-42F4-9620-6810DA1121BF}.Release|x64.Build.0 = Release|Any CPU
		{6D3F98BC-5D1F-42F4-9620-6810DA1121BF}.Release|x86.ActiveCfg = Release|Any CPU
		{6D3F98BC-5D1F-42F4-9620-6810DA1121BF}.Release|x86.Build.0 = Release|Any CPU
		{C82B2983-7283-41EB-B9AD-A6AFD2760415}.Debug|Any CPU.ActiveCfg = Debug|Any CPU
		{C82B2983-7283-41EB-B9AD-A6AFD2760415}.Debug|Any CPU.Build.0 = Debug|Any CPU
		{C82B2983-7283-41EB-B9AD-A6AFD2760415}.Debug|x64.ActiveCfg = Debug|Any CPU
		{C82B2983-7283-41EB-B9AD-A6AFD2760415}.Debug|x64.Build.0 = Debug|Any CPU
		{C82B2983-7283-41EB-B9AD-A6AFD2760415}.Debug|x86.ActiveCfg = Debug|Any CPU
		{C82B2983-7283-41EB-B9AD-A6AFD2760415}.Debug|x86.Build.0 = Debug|Any CPU
		{C82B2983-7283-41EB-B9AD-A6AFD2760415}.Release|Any CPU.ActiveCfg = Release|Any CPU
		{C82B2983-7283-41EB-B9AD-A6AFD2760415}.Release|Any CPU.Build.0 = Release|Any CPU
		{C82B2983-7283-41EB-B9AD-A6AFD2760415}.Release|x64.ActiveCfg = Release|Any CPU
		{C82B2983-7283-41EB-B9AD-A6AFD2760415}.Release|x64.Build.0 = Release|Any CPU
		{C82B2983-7283-41EB-B9AD-A6AFD2760415}.Release|x86.ActiveCfg = Release|Any CPU
		{C82B2983-7283-41EB-B9AD-A6AFD2760415}.Release|x86.Build.0 = Release|Any CPU
		{2FC0EA8A-6F0D-49E7-9BEF-FE96B57BF308}.Debug|Any CPU.ActiveCfg = Debug|Any CPU
		{2FC0EA8A-6F0D-49E7-9BEF-FE96B57BF308}.Debug|Any CPU.Build.0 = Debug|Any CPU
		{2FC0EA8A-6F0D-49E7-9BEF-FE96B57BF308}.Debug|x64.ActiveCfg = Debug|Any CPU
		{2FC0EA8A-6F0D-49E7-9BEF-FE96B57BF308}.Debug|x64.Build.0 = Debug|Any CPU
		{2FC0EA8A-6F0D-49E7-9BEF-FE96B57BF308}.Debug|x86.ActiveCfg = Debug|Any CPU
		{2FC0EA8A-6F0D-49E7-9BEF-FE96B57BF308}.Debug|x86.Build.0 = Debug|Any CPU
		{2FC0EA8A-6F0D-49E7-9BEF-FE96B57BF308}.Release|Any CPU.ActiveCfg = Release|Any CPU
		{2FC0EA8A-6F0D-49E7-9BEF-FE96B57BF308}.Release|Any CPU.Build.0 = Release|Any CPU
		{2FC0EA8A-6F0D-49E7-9BEF-FE96B57BF308}.Release|x64.ActiveCfg = Release|Any CPU
		{2FC0EA8A-6F0D-49E7-9BEF-FE96B57BF308}.Release|x64.Build.0 = Release|Any CPU
		{2FC0EA8A-6F0D-49E7-9BEF-FE96B57BF308}.Release|x86.ActiveCfg = Release|Any CPU
		{2FC0EA8A-6F0D-49E7-9BEF-FE96B57BF308}.Release|x86.Build.0 = Release|Any CPU
		{DDA5D309-D4B6-4872-BE1C-700B04E80A21}.Debug|Any CPU.ActiveCfg = Debug|Any CPU
		{DDA5D309-D4B6-4872-BE1C-700B04E80A21}.Debug|Any CPU.Build.0 = Debug|Any CPU
		{DDA5D309-D4B6-4872-BE1C-700B04E80A21}.Debug|x64.ActiveCfg = Debug|Any CPU
		{DDA5D309-D4B6-4872-BE1C-700B04E80A21}.Debug|x64.Build.0 = Debug|Any CPU
		{DDA5D309-D4B6-4872-BE1C-700B04E80A21}.Debug|x86.ActiveCfg = Debug|Any CPU
		{DDA5D309-D4B6-4872-BE1C-700B04E80A21}.Debug|x86.Build.0 = Debug|Any CPU
		{DDA5D309-D4B6-4872-BE1C-700B04E80A21}.Release|Any CPU.ActiveCfg = Release|Any CPU
		{DDA5D309-D4B6-4872-BE1C-700B04E80A21}.Release|Any CPU.Build.0 = Release|Any CPU
		{DDA5D309-D4B6-4872-BE1C-700B04E80A21}.Release|x64.ActiveCfg = Release|Any CPU
		{DDA5D309-D4B6-4872-BE1C-700B04E80A21}.Release|x64.Build.0 = Release|Any CPU
		{DDA5D309-D4B6-4872-BE1C-700B04E80A21}.Release|x86.ActiveCfg = Release|Any CPU
		{DDA5D309-D4B6-4872-BE1C-700B04E80A21}.Release|x86.Build.0 = Release|Any CPU
	EndGlobalSection
	GlobalSection(SolutionProperties) = preSolution
		HideSolutionNode = FALSE
	EndGlobalSection
	GlobalSection(ExtensibilityGlobals) = postSolution
		SolutionGuid = {C3E34EE2-880A-42BB-93A4-B3C4534F4E46}
	EndGlobalSection
EndGlobal
